{
    "name": "brackets-ui5",
    "requires": true,
    "lockfileVersion": 1,
    "dependencies": {
        "ecma-scopes": {
            "version": "2.0.0",
            "resolved": "https://registry.npmjs.org/ecma-scopes/-/ecma-scopes-2.0.0.tgz",
            "integrity": "sha1-XB9794vRDMQmRWj7O491kyS3L3A="
        },
        "ecma-variable-scope": {
            "version": "2.1.0",
            "resolved": "https://registry.npmjs.org/ecma-variable-scope/-/ecma-variable-scope-2.1.0.tgz",
            "integrity": "sha1-slVGnSH1ueTVyHfcCzG88v+hjIM=",
            "requires": {
                "ecma-scopes": "~2.0.0",
                "estraverse": "~1.7.0"
            }
        },
        "estraverse": {
            "version": "1.7.1",
            "resolved": "https://registry.npmjs.org/estraverse/-/estraverse-1.7.1.tgz",
            "integrity": "sha1-koK1w4kR63DsY61lJUSRM47ynXg="
        },
        "flatted": {
            "version": "2.0.0",
            "resolved": "https://registry.npmjs.org/flatted/-/flatted-2.0.0.tgz",
            "integrity": "sha512-R+H8IZclI8AAkSBRQJLVOsxwAoHd6WC40b4QTNWIjzAa6BXOBfQcM587MXDTVPeYaopFNWHUFLx7eNmHDSxMWg=="
        }
    }
}
